
Microsoft Visual Studio Solution File, Format Version 12.00
# Visual Studio 14
VisualStudioVersion = 14.0.24720.0
MinimumVisualStudioVersion = 10.0.40219.1
Project("{FAE04EC0-301F-11D3-BF4B-00C04F79EFBC}") = "Client", "Client\Client.csproj", "{A6344AB1-3E03-4498-BEE7-0A8871C95413}"
EndProject
Project("{FAE04EC0-301F-11D3-BF4B-00C04F79EFBC}") = "Messages", "..\Messages\Messages.csproj", "{242FB215-9E3C-4CB8-8353-8DD409AEF3BF}"
EndProject
Global
	GlobalSection(SolutionConfigurationPlatforms) = preSolution
		Debug|Any CPU = Debug|Any CPU
		Release|Any CPU = Release|Any CPU
	EndGlobalSection
	GlobalSection(ProjectConfigurationPlatforms) = postSolution
		{A6344AB1-3E03-4498-BEE7-0A8871C95413}.Debug|Any CPU.ActiveCfg = Debug|Any CPU
		{A6344AB1-3E03-4498-BEE7-0A8871C95413}.Debug|Any CPU.Build.0 = Debug|Any CPU
		{A6344AB1-3E03-4498-BEE7-0A8871C95413}.Release|Any CPU.ActiveCfg = Release|Any CPU
		{A6344AB1-3E03-4498-BEE7-0A8871C95413}.Release|Any CPU.Build.0 = Release|Any CPU
		{242FB215-9E3C-4CB8-8353-8DD409AEF3BF}.Debug|Any CPU.ActiveCfg = Debug|Any CPU
		{242FB215-9E3C-4CB8-8353-8DD409AEF3BF}.Debug|Any CPU.Build.0 = Debug|Any CPU
		{242FB215-9E3C-4CB8-8353-8DD409AEF3BF}.Release|Any CPU.ActiveCfg = Release|Any CPU
		{242FB215-9E3C-4CB8-8353-8DD409AEF3BF}.Release|Any CPU.Build.0 = Release|Any CPU
	EndGlobalSection
	GlobalSection(SolutionProperties) = preSolution
		HideSolutionNode = FALSE
	EndGlobalSection
EndGlobal
